
Microsoft Visual Studio Solution File, Format Version 12.00
# Visual Studio Version 17
VisualStudioVersion = 17.6.33829.357
MinimumVisualStudioVersion = 10.0.40219.1
Project("{8BC9CEB8-8B4A-11D0-8D11-00A0C91BC942}") = "sukuu_siv3d", "sukuu_siv3d.vcxproj", "{8D7EC96C-C8AA-46FD-B92E-AC9DE94B46B3}"
EndProject
Global
	GlobalSection(SolutionConfigurationPlatforms) = preSolution
		Debug|x64 = Debug|x64
		Release|x64 = Release|x64
	EndGlobalSection
	GlobalSection(ProjectConfigurationPlatforms) = postSolution
		{8D7EC96C-C8AA-46FD-B92E-AC9DE94B46B3}.Debug|x64.ActiveCfg = Debug|x64
		{8D7EC96C-C8AA-46FD-B92E-AC9DE94B46B3}.Debug|x64.Build.0 = Debug|x64
		{8D7EC96C-C8AA-46FD-B92E-AC9DE94B46B3}.Release|x64.ActiveCfg = Release|x64
		{8D7EC96C-C8AA-46FD-B92E-AC9DE94B46B3}.Release|x64.Build.0 = Release|x64
	EndGlobalSection
	GlobalSection(SolutionProperties) = preSolution
		HideSolutionNode = FALSE
	EndGlobalSection
	GlobalSection(ExtensibilityGlobals) = postSolution
		SolutionGuid = {193E15AE-64E2-49D2-8DBD-3A50BCE92314}
	EndGlobalSection
EndGlobal
